
Microsoft Visual Studio Solution File, Format Version 12.00
# Visual Studio 15
VisualStudioVersion = 15.0.27703.2026
MinimumVisualStudioVersion = 10.0.40219.1
Project("{FAE04EC0-301F-11D3-BF4B-00C04F79EFBC}") = "Synth", "Synth\Synth.csproj", "{17AFD0E6-54B8-4F2E-8C0B-70E55C04B5D8}"
EndProject
Global
	GlobalSection(SolutionConfigurationPlatforms) = preSolution
		Debug|Any CPU = Debug|Any CPU
		Release|Any CPU = Release|Any CPU
	EndGlobalSection
	GlobalSection(ProjectConfigurationPlatforms) = postSolution
		{17AFD0E6-54B8-4F2E-8C0B-70E55C04B5D8}.Debug|Any CPU.ActiveCfg = Debug|Any CPU
		{17AFD0E6-54B8-4F2E-8C0B-70E55C04B5D8}.Debug|Any CPU.Build.0 = Debug|Any CPU
		{17AFD0E6-54B8-4F2E-8C0B-70E55C04B5D8}.Release|Any CPU.ActiveCfg = Release|Any CPU
		{17AFD0E6-54B8-4F2E-8C0B-70E55C04B5D8}.Release|Any CPU.Build.0 = Release|Any CPU
	EndGlobalSection
	GlobalSection(SolutionProperties) = preSolution
		HideSolutionNode = FALSE
	EndGlobalSection
	GlobalSection(ExtensibilityGlobals) = postSolution
		SolutionGuid = {F478F969-DD52-4031-8F1C-DD0CCFF568D0}
	EndGlobalSection
EndGlobal
